// !$*UTF8*$!
{
	archiveVersion = 1;
	classes = {
	};
	objectVersion = 56;
	objects = {

/* Begin PBXBuildFile section */
		E4F3225C2CF72FE700D35702 /* AppDelegate.swift in Sources */ = {isa = PBXBuildFile; fileRef = E4F3225B2CF72FE700D35702 /* AppDelegate.swift */; };
		E4F3225E2CF72FE700D35702 /* SceneDelegate.swift in Sources */ = {isa = PBXBuildFile; fileRef = E4F3225D2CF72FE700D35702 /* SceneDelegate.swift */; };
		E4F322682CF72FE900D35702 /* Base in Resources */ = {isa = PBXBuildFile; fileRef = E4F322672CF72FE900D35702 /* Base */; };
		E4F322732CF72FE900D35702 /* CommerceAppTests.swift in Sources */ = {isa = PBXBuildFile; fileRef = E4F322722CF72FE900D35702 /* CommerceAppTests.swift */; };
		E4F3227D2CF72FE900D35702 /* CommerceAppUITests.swift in Sources */ = {isa = PBXBuildFile; fileRef = E4F3227C2CF72FE900D35702 /* CommerceAppUITests.swift */; };
		E4F3227F2CF72FE900D35702 /* CommerceAppUITestsLaunchTests.swift in Sources */ = {isa = PBXBuildFile; fileRef = E4F3227E2CF72FE900D35702 /* CommerceAppUITestsLaunchTests.swift */; };
		E4F3228D2CF736C000D35702 /* Images.xcassets in Resources */ = {isa = PBXBuildFile; fileRef = E4F3228C2CF736C000D35702 /* Images.xcassets */; };
		E4F3228F2CF7379E00D35702 /* CPImages.swift in Sources */ = {isa = PBXBuildFile; fileRef = E4F3228E2CF7379E00D35702 /* CPImages.swift */; };
		E4F322912CF7397B00D35702 /* Colors.xcassets in Resources */ = {isa = PBXBuildFile; fileRef = E4F322902CF7397B00D35702 /* Colors.xcassets */; };
		E4F322932CF73B1700D35702 /* CPColor.swift in Sources */ = {isa = PBXBuildFile; fileRef = E4F322922CF73B1700D35702 /* CPColor.swift */; };
		E4F322952CF73B9200D35702 /* CPFont.swift in Sources */ = {isa = PBXBuildFile; fileRef = E4F322942CF73B9200D35702 /* CPFont.swift */; };
		E4F3229D2CF8588100D35702 /* Splash.storyboard in Resources */ = {isa = PBXBuildFile; fileRef = E4F3229C2CF8588100D35702 /* Splash.storyboard */; };
		E4F3229F2CF8588C00D35702 /* SplashViewController.swift in Sources */ = {isa = PBXBuildFile; fileRef = E4F3229E2CF8588C00D35702 /* SplashViewController.swift */; };
		E4F322A32CF8590F00D35702 /* Lottie in Frameworks */ = {isa = PBXBuildFile; productRef = E4F322A22CF8590F00D35702 /* Lottie */; };
		E4F322A92CF85DA400D35702 /* HomeViewController.swift in Sources */ = {isa = PBXBuildFile; fileRef = E4F322A82CF85DA400D35702 /* HomeViewController.swift */; };
		E4F322AB2CF85DCE00D35702 /* Home.storyboard in Resources */ = {isa = PBXBuildFile; fileRef = E4F322AA2CF85DCE00D35702 /* Home.storyboard */; };
		E4F322AF2CF85F9E00D35702 /* HomeBannerCollectionViewCell.swift in Sources */ = {isa = PBXBuildFile; fileRef = E4F322AE2CF85F9E00D35702 /* HomeBannerCollectionViewCell.swift */; };
		E4F322B32CF863D400D35702 /* Assets.xcassets in Resources */ = {isa = PBXBuildFile; fileRef = E4F322B22CF863D300D35702 /* Assets.xcassets */; };
		E4F322B52CF86AFD00D35702 /* HomeProductCollectionViewCell.swift in Sources */ = {isa = PBXBuildFile; fileRef = E4F322B42CF86AFD00D35702 /* HomeProductCollectionViewCell.swift */; };
		E4F322B92CF8788100D35702 /* NetworkService.swift in Sources */ = {isa = PBXBuildFile; fileRef = E4F322B82CF8788100D35702 /* NetworkService.swift */; };
		E4F322BC2CF8793F00D35702 /* HomeResponse.swift in Sources */ = {isa = PBXBuildFile; fileRef = E4F322BB2CF8793F00D35702 /* HomeResponse.swift */; };
		E4F322BF2CF88E2E00D35702 /* Kingfisher in Frameworks */ = {isa = PBXBuildFile; productRef = E4F322BE2CF88E2E00D35702 /* Kingfisher */; };
		E4F322C12CF8902600D35702 /* HomeViewModel.swift in Sources */ = {isa = PBXBuildFile; fileRef = E4F322C02CF8902600D35702 /* HomeViewModel.swift */; };
		E4F322C42CF8AFC400D35702 /* Numeric + Extension.swift in Sources */ = {isa = PBXBuildFile; fileRef = E4F322C32CF8AFC400D35702 /* Numeric + Extension.swift */; };
		E4F322C62CF8B33F00D35702 /* HomeCouponButtonCollectionViewCell.swift in Sources */ = {isa = PBXBuildFile; fileRef = E4F322C52CF8B33F00D35702 /* HomeCouponButtonCollectionViewCell.swift */; };
		E4F322C82CF990B100D35702 /* HomeSperateLineCollectionViewCell.swift in Sources */ = {isa = PBXBuildFile; fileRef = E4F322C72CF990B100D35702 /* HomeSperateLineCollectionViewCell.swift */; };
		E4F322CA2CF99F3F00D35702 /* HomeThemeCollectionViewCell.swift in Sources */ = {isa = PBXBuildFile; fileRef = E4F322C92CF99F3F00D35702 /* HomeThemeCollectionViewCell.swift */; };
		E4F322CC2CF9A2E800D35702 /* HomeThemeHeaderCollectionReusableView.swift in Sources */ = {isa = PBXBuildFile; fileRef = E4F322CB2CF9A2E800D35702 /* HomeThemeHeaderCollectionReusableView.swift */; };
		E4F322CF2CFAFC2600D35702 /* Favorite.storyboard in Resources */ = {isa = PBXBuildFile; fileRef = E4F322CE2CFAFC2600D35702 /* Favorite.storyboard */; };
		E4F322D12CFAFC3D00D35702 /* FavoriteViewController.swift in Sources */ = {isa = PBXBuildFile; fileRef = E4F322D02CFAFC3D00D35702 /* FavoriteViewController.swift */; };
		E4F322D32CFAFC7100D35702 /* FavoriteViewModel.swift in Sources */ = {isa = PBXBuildFile; fileRef = E4F322D22CFAFC7100D35702 /* FavoriteViewModel.swift */; };
		E4F322D52CFAFE8300D35702 /* FavoriteResponse.swift in Sources */ = {isa = PBXBuildFile; fileRef = E4F322D42CFAFE8300D35702 /* FavoriteResponse.swift */; };
		E4F322D72CFAFEC500D35702 /* ProductResponse.swift in Sources */ = {isa = PBXBuildFile; fileRef = E4F322D62CFAFEC500D35702 /* ProductResponse.swift */; };
		E4F322DA2CFB05FD00D35702 /* PurchaseButton.swift in Sources */ = {isa = PBXBuildFile; fileRef = E4F322D92CFB05FD00D35702 /* PurchaseButton.swift */; };
		E4F322DC2CFB06EB00D35702 /* FavoriteTableViewCell.swift in Sources */ = {isa = PBXBuildFile; fileRef = E4F322DB2CFB06EB00D35702 /* FavoriteTableViewCell.swift */; };
		E4F322E02CFD7D6A00D35702 /* DetailRootView.swift in Sources */ = {isa = PBXBuildFile; fileRef = E4F322DF2CFD7D6A00D35702 /* DetailRootView.swift */; };
		E4F322E22CFD7D8600D35702 /* DetailViewModel.swift in Sources */ = {isa = PBXBuildFile; fileRef = E4F322E12CFD7D8600D35702 /* DetailViewModel.swift */; };
		E4F322E42CFD7E7E00D35702 /* ProductDetailResponse.swift in Sources */ = {isa = PBXBuildFile; fileRef = E4F322E32CFD7E7E00D35702 /* ProductDetailResponse.swift */; };
		E4F322E62CFD848E00D35702 /* DetailBannerView.swift in Sources */ = {isa = PBXBuildFile; fileRef = E4F322E52CFD848E00D35702 /* DetailBannerView.swift */; };
		E4F322E82CFD86AA00D35702 /* DetailRateView.swift in Sources */ = {isa = PBXBuildFile; fileRef = E4F322E72CFD86AA00D35702 /* DetailRateView.swift */; };
		E4F322EA2CFD88BC00D35702 /* DetailOptionView.swift in Sources */ = {isa = PBXBuildFile; fileRef = E4F322E92CFD88BC00D35702 /* DetailOptionView.swift */; };
		E4F322EC2CFD89D300D35702 /* DetailPriceView.swift in Sources */ = {isa = PBXBuildFile; fileRef = E4F322EB2CFD89D300D35702 /* DetailPriceView.swift */; };
		E4F322EE2CFD8EDD00D35702 /* DetailMoreView.swift in Sources */ = {isa = PBXBuildFile; fileRef = E4F322ED2CFD8EDD00D35702 /* DetailMoreView.swift */; };
		E4F322F02CFD90B500D35702 /* DetailPurchaseView.swift in Sources */ = {isa = PBXBuildFile; fileRef = E4F322EF2CFD90B500D35702 /* DetailPurchaseView.swift */; };
		E4F322F42CFD9AD900D35702 /* DetailViewController.swift in Sources */ = {isa = PBXBuildFile; fileRef = E4F322F32CFD9AD900D35702 /* DetailViewController.swift */; };
		E4F322F62CFD9C6400D35702 /* Detail.storyboard in Resources */ = {isa = PBXBuildFile; fileRef = E4F322F52CFD9C6400D35702 /* Detail.storyboard */; };
		E4F322F92CFDF89900D35702 /* OptionViewController.swift in Sources */ = {isa = PBXBuildFile; fileRef = E4F322F82CFDF89900D35702 /* OptionViewController.swift */; };
		E4F322FB2CFDF8A100D35702 /* OptionViewModel.swift in Sources */ = {isa = PBXBuildFile; fileRef = E4F322FA2CFDF8A100D35702 /* OptionViewModel.swift */; };
		E4F322FD2CFDF8A800D35702 /* OptionRootView.swift in Sources */ = {isa = PBXBuildFile; fileRef = E4F322FC2CFDF8A800D35702 /* OptionRootView.swift */; };
		E4F323002CFDFBF000D35702 /* PurchaseViewController.swift in Sources */ = {isa = PBXBuildFile; fileRef = E4F322FF2CFDFBF000D35702 /* PurchaseViewController.swift */; };
		E4F323022CFDFBF900D35702 /* PurchaseViewModel.swift in Sources */ = {isa = PBXBuildFile; fileRef = E4F323012CFDFBF900D35702 /* PurchaseViewModel.swift */; };
/* End PBXBuildFile section */

/* Begin PBXContainerItemProxy section */
		E4F3226F2CF72FE900D35702 /* PBXContainerItemProxy */ = {
			isa = PBXContainerItemProxy;
			containerPortal = E4F322502CF72FE700D35702 /* Project object */;
			proxyType = 1;
			remoteGlobalIDString = E4F322572CF72FE700D35702;
			remoteInfo = CommerceApp;
		};
		E4F322792CF72FE900D35702 /* PBXContainerItemProxy */ = {
			isa = PBXContainerItemProxy;
			containerPortal = E4F322502CF72FE700D35702 /* Project object */;
			proxyType = 1;
			remoteGlobalIDString = E4F322572CF72FE700D35702;
			remoteInfo = CommerceApp;
		};
/* End PBXContainerItemProxy section */

/* Begin PBXFileReference section */
		E4F322582CF72FE700D35702 /* CommerceApp.app */ = {isa = PBXFileReference; explicitFileType = wrapper.application; includeInIndex = 0; path = CommerceApp.app; sourceTree = BUILT_PRODUCTS_DIR; };
		E4F3225B2CF72FE700D35702 /* AppDelegate.swift */ = {isa = PBXFileReference; lastKnownFileType = sourcecode.swift; path = AppDelegate.swift; sourceTree = "<group>"; };
		E4F3225D2CF72FE700D35702 /* SceneDelegate.swift */ = {isa = PBXFileReference; lastKnownFileType = sourcecode.swift; path = SceneDelegate.swift; sourceTree = "<group>"; };
		E4F322672CF72FE900D35702 /* Base */ = {isa = PBXFileReference; lastKnownFileType = file.storyboard; name = Base; path = Base.lproj/LaunchScreen.storyboard; sourceTree = "<group>"; };
		E4F322692CF72FE900D35702 /* Info.plist */ = {isa = PBXFileReference; lastKnownFileType = text.plist.xml; path = Info.plist; sourceTree = "<group>"; };
		E4F3226E2CF72FE900D35702 /* CommerceAppTests.xctest */ = {isa = PBXFileReference; explicitFileType = wrapper.cfbundle; includeInIndex = 0; path = CommerceAppTests.xctest; sourceTree = BUILT_PRODUCTS_DIR; };
		E4F322722CF72FE900D35702 /* CommerceAppTests.swift */ = {isa = PBXFileReference; lastKnownFileType = sourcecode.swift; path = CommerceAppTests.swift; sourceTree = "<group>"; };
		E4F322782CF72FE900D35702 /* CommerceAppUITests.xctest */ = {isa = PBXFileReference; explicitFileType = wrapper.cfbundle; includeInIndex = 0; path = CommerceAppUITests.xctest; sourceTree = BUILT_PRODUCTS_DIR; };
		E4F3227C2CF72FE900D35702 /* CommerceAppUITests.swift */ = {isa = PBXFileReference; lastKnownFileType = sourcecode.swift; path = CommerceAppUITests.swift; sourceTree = "<group>"; };
		E4F3227E2CF72FE900D35702 /* CommerceAppUITestsLaunchTests.swift */ = {isa = PBXFileReference; lastKnownFileType = sourcecode.swift; path = CommerceAppUITestsLaunchTests.swift; sourceTree = "<group>"; };
		E4F3228C2CF736C000D35702 /* Images.xcassets */ = {isa = PBXFileReference; lastKnownFileType = folder.assetcatalog; path = Images.xcassets; sourceTree = "<group>"; };
		E4F3228E2CF7379E00D35702 /* CPImages.swift */ = {isa = PBXFileReference; lastKnownFileType = sourcecode.swift; path = CPImages.swift; sourceTree = "<group>"; };
		E4F322902CF7397B00D35702 /* Colors.xcassets */ = {isa = PBXFileReference; lastKnownFileType = folder.assetcatalog; path = Colors.xcassets; sourceTree = "<group>"; };
		E4F322922CF73B1700D35702 /* CPColor.swift */ = {isa = PBXFileReference; lastKnownFileType = sourcecode.swift; path = CPColor.swift; sourceTree = "<group>"; };
		E4F322942CF73B9200D35702 /* CPFont.swift */ = {isa = PBXFileReference; lastKnownFileType = sourcecode.swift; path = CPFont.swift; sourceTree = "<group>"; };
		E4F3229C2CF8588100D35702 /* Splash.storyboard */ = {isa = PBXFileReference; lastKnownFileType = file.storyboard; path = Splash.storyboard; sourceTree = "<group>"; };
		E4F3229E2CF8588C00D35702 /* SplashViewController.swift */ = {isa = PBXFileReference; lastKnownFileType = sourcecode.swift; path = SplashViewController.swift; sourceTree = "<group>"; };
		E4F322A82CF85DA400D35702 /* HomeViewController.swift */ = {isa = PBXFileReference; lastKnownFileType = sourcecode.swift; path = HomeViewController.swift; sourceTree = "<group>"; };
		E4F322AA2CF85DCE00D35702 /* Home.storyboard */ = {isa = PBXFileReference; lastKnownFileType = file.storyboard; path = Home.storyboard; sourceTree = "<group>"; };
		E4F322AE2CF85F9E00D35702 /* HomeBannerCollectionViewCell.swift */ = {isa = PBXFileReference; lastKnownFileType = sourcecode.swift; path = HomeBannerCollectionViewCell.swift; sourceTree = "<group>"; };
		E4F322B22CF863D300D35702 /* Assets.xcassets */ = {isa = PBXFileReference; lastKnownFileType = folder.assetcatalog; path = Assets.xcassets; sourceTree = "<group>"; };
		E4F322B42CF86AFD00D35702 /* HomeProductCollectionViewCell.swift */ = {isa = PBXFileReference; lastKnownFileType = sourcecode.swift; path = HomeProductCollectionViewCell.swift; sourceTree = "<group>"; };
		E4F322B82CF8788100D35702 /* NetworkService.swift */ = {isa = PBXFileReference; lastKnownFileType = sourcecode.swift; path = NetworkService.swift; sourceTree = "<group>"; };
		E4F322BB2CF8793F00D35702 /* HomeResponse.swift */ = {isa = PBXFileReference; lastKnownFileType = sourcecode.swift; path = HomeResponse.swift; sourceTree = "<group>"; };
		E4F322C02CF8902600D35702 /* HomeViewModel.swift */ = {isa = PBXFileReference; lastKnownFileType = sourcecode.swift; path = HomeViewModel.swift; sourceTree = "<group>"; };
		E4F322C32CF8AFC400D35702 /* Numeric + Extension.swift */ = {isa = PBXFileReference; lastKnownFileType = sourcecode.swift; path = "Numeric + Extension.swift"; sourceTree = "<group>"; };
		E4F322C52CF8B33F00D35702 /* HomeCouponButtonCollectionViewCell.swift */ = {isa = PBXFileReference; lastKnownFileType = sourcecode.swift; path = HomeCouponButtonCollectionViewCell.swift; sourceTree = "<group>"; };
		E4F322C72CF990B100D35702 /* HomeSperateLineCollectionViewCell.swift */ = {isa = PBXFileReference; lastKnownFileType = sourcecode.swift; path = HomeSperateLineCollectionViewCell.swift; sourceTree = "<group>"; };
		E4F322C92CF99F3F00D35702 /* HomeThemeCollectionViewCell.swift */ = {isa = PBXFileReference; lastKnownFileType = sourcecode.swift; path = HomeThemeCollectionViewCell.swift; sourceTree = "<group>"; };
		E4F322CB2CF9A2E800D35702 /* HomeThemeHeaderCollectionReusableView.swift */ = {isa = PBXFileReference; lastKnownFileType = sourcecode.swift; path = HomeThemeHeaderCollectionReusableView.swift; sourceTree = "<group>"; };
		E4F322CE2CFAFC2600D35702 /* Favorite.storyboard */ = {isa = PBXFileReference; lastKnownFileType = file.storyboard; path = Favorite.storyboard; sourceTree = "<group>"; };
		E4F322D02CFAFC3D00D35702 /* FavoriteViewController.swift */ = {isa = PBXFileReference; lastKnownFileType = sourcecode.swift; path = FavoriteViewController.swift; sourceTree = "<group>"; };
		E4F322D22CFAFC7100D35702 /* FavoriteViewModel.swift */ = {isa = PBXFileReference; lastKnownFileType = sourcecode.swift; path = FavoriteViewModel.swift; sourceTree = "<group>"; };
		E4F322D42CFAFE8300D35702 /* FavoriteResponse.swift */ = {isa = PBXFileReference; lastKnownFileType = sourcecode.swift; path = FavoriteResponse.swift; sourceTree = "<group>"; };
		E4F322D62CFAFEC500D35702 /* ProductResponse.swift */ = {isa = PBXFileReference; lastKnownFileType = sourcecode.swift; path = ProductResponse.swift; sourceTree = "<group>"; };
		E4F322D92CFB05FD00D35702 /* PurchaseButton.swift */ = {isa = PBXFileReference; lastKnownFileType = sourcecode.swift; path = PurchaseButton.swift; sourceTree = "<group>"; };
		E4F322DB2CFB06EB00D35702 /* FavoriteTableViewCell.swift */ = {isa = PBXFileReference; lastKnownFileType = sourcecode.swift; path = FavoriteTableViewCell.swift; sourceTree = "<group>"; };
		E4F322DF2CFD7D6A00D35702 /* DetailRootView.swift */ = {isa = PBXFileReference; lastKnownFileType = sourcecode.swift; path = DetailRootView.swift; sourceTree = "<group>"; };
		E4F322E12CFD7D8600D35702 /* DetailViewModel.swift */ = {isa = PBXFileReference; lastKnownFileType = sourcecode.swift; path = DetailViewModel.swift; sourceTree = "<group>"; };
		E4F322E32CFD7E7E00D35702 /* ProductDetailResponse.swift */ = {isa = PBXFileReference; lastKnownFileType = sourcecode.swift; path = ProductDetailResponse.swift; sourceTree = "<group>"; };
		E4F322E52CFD848E00D35702 /* DetailBannerView.swift */ = {isa = PBXFileReference; lastKnownFileType = sourcecode.swift; path = DetailBannerView.swift; sourceTree = "<group>"; };
		E4F322E72CFD86AA00D35702 /* DetailRateView.swift */ = {isa = PBXFileReference; lastKnownFileType = sourcecode.swift; path = DetailRateView.swift; sourceTree = "<group>"; };
		E4F322E92CFD88BC00D35702 /* DetailOptionView.swift */ = {isa = PBXFileReference; lastKnownFileType = sourcecode.swift; path = DetailOptionView.swift; sourceTree = "<group>"; };
		E4F322EB2CFD89D300D35702 /* DetailPriceView.swift */ = {isa = PBXFileReference; lastKnownFileType = sourcecode.swift; path = DetailPriceView.swift; sourceTree = "<group>"; };
		E4F322ED2CFD8EDD00D35702 /* DetailMoreView.swift */ = {isa = PBXFileReference; lastKnownFileType = sourcecode.swift; path = DetailMoreView.swift; sourceTree = "<group>"; };
		E4F322EF2CFD90B500D35702 /* DetailPurchaseView.swift */ = {isa = PBXFileReference; lastKnownFileType = sourcecode.swift; path = DetailPurchaseView.swift; sourceTree = "<group>"; };
		E4F322F32CFD9AD900D35702 /* DetailViewController.swift */ = {isa = PBXFileReference; lastKnownFileType = sourcecode.swift; path = DetailViewController.swift; sourceTree = "<group>"; };
		E4F322F52CFD9C6400D35702 /* Detail.storyboard */ = {isa = PBXFileReference; lastKnownFileType = file.storyboard; path = Detail.storyboard; sourceTree = "<group>"; };
		E4F322F82CFDF89900D35702 /* OptionViewController.swift */ = {isa = PBXFileReference; lastKnownFileType = sourcecode.swift; path = OptionViewController.swift; sourceTree = "<group>"; };
		E4F322FA2CFDF8A100D35702 /* OptionViewModel.swift */ = {isa = PBXFileReference; lastKnownFileType = sourcecode.swift; path = OptionViewModel.swift; sourceTree = "<group>"; };
		E4F322FC2CFDF8A800D35702 /* OptionRootView.swift */ = {isa = PBXFileReference; lastKnownFileType = sourcecode.swift; path = OptionRootView.swift; sourceTree = "<group>"; };
		E4F322FF2CFDFBF000D35702 /* PurchaseViewController.swift */ = {isa = PBXFileReference; lastKnownFileType = sourcecode.swift; path = PurchaseViewController.swift; sourceTree = "<group>"; };
		E4F323012CFDFBF900D35702 /* PurchaseViewModel.swift */ = {isa = PBXFileReference; lastKnownFileType = sourcecode.swift; path = PurchaseViewModel.swift; sourceTree = "<group>"; };
/* End PBXFileReference section */

/* Begin PBXFrameworksBuildPhase section */
		E4F322552CF72FE700D35702 /* Frameworks */ = {
			isa = PBXFrameworksBuildPhase;
			buildActionMask = 2147483647;
			files = (
				E4F322BF2CF88E2E00D35702 /* Kingfisher in Frameworks */,
				E4F322A32CF8590F00D35702 /* Lottie in Frameworks */,
			);
			runOnlyForDeploymentPostprocessing = 0;
		};
		E4F3226B2CF72FE900D35702 /* Frameworks */ = {
			isa = PBXFrameworksBuildPhase;
			buildActionMask = 2147483647;
			files = (
			);
			runOnlyForDeploymentPostprocessing = 0;
		};
		E4F322752CF72FE900D35702 /* Frameworks */ = {
			isa = PBXFrameworksBuildPhase;
			buildActionMask = 2147483647;
			files = (
			);
			runOnlyForDeploymentPostprocessing = 0;
		};
/* End PBXFrameworksBuildPhase section */

/* Begin PBXGroup section */
		E4F3224F2CF72FE700D35702 = {
			isa = PBXGroup;
			children = (
				E4F3225A2CF72FE700D35702 /* CommerceApp */,
				E4F322712CF72FE900D35702 /* CommerceAppTests */,
				E4F3227B2CF72FE900D35702 /* CommerceAppUITests */,
				E4F322592CF72FE700D35702 /* Products */,
				E4F322A12CF8590F00D35702 /* Frameworks */,
			);
			sourceTree = "<group>";
		};
		E4F322592CF72FE700D35702 /* Products */ = {
			isa = PBXGroup;
			children = (
				E4F322582CF72FE700D35702 /* CommerceApp.app */,
				E4F3226E2CF72FE900D35702 /* CommerceAppTests.xctest */,
				E4F322782CF72FE900D35702 /* CommerceAppUITests.xctest */,
			);
			name = Products;
			sourceTree = "<group>";
		};
		E4F3225A2CF72FE700D35702 /* CommerceApp */ = {
			isa = PBXGroup;
			children = (
				E4F322C22CF8AFB200D35702 /* Extension */,
				E4F322BA2CF8793700D35702 /* Model */,
				E4F322B72CF8787600D35702 /* Network */,
				E4F322A72CF85BAC00D35702 /* Delegates */,
				E4F322A42CF85B6900D35702 /* Feature */,
				E4F3228B2CF736A400D35702 /* DesignSource */,
				E4F322692CF72FE900D35702 /* Info.plist */,
			);
			path = CommerceApp;
			sourceTree = "<group>";
		};
		E4F322712CF72FE900D35702 /* CommerceAppTests */ = {
			isa = PBXGroup;
			children = (
				E4F322722CF72FE900D35702 /* CommerceAppTests.swift */,
			);
			path = CommerceAppTests;
			sourceTree = "<group>";
		};
		E4F3227B2CF72FE900D35702 /* CommerceAppUITests */ = {
			isa = PBXGroup;
			children = (
				E4F3227C2CF72FE900D35702 /* CommerceAppUITests.swift */,
				E4F3227E2CF72FE900D35702 /* CommerceAppUITestsLaunchTests.swift */,
			);
			path = CommerceAppUITests;
			sourceTree = "<group>";
		};
		E4F3228B2CF736A400D35702 /* DesignSource */ = {
			isa = PBXGroup;
			children = (
				E4F322B22CF863D300D35702 /* Assets.xcassets */,
				E4F3228C2CF736C000D35702 /* Images.xcassets */,
				E4F3228E2CF7379E00D35702 /* CPImages.swift */,
				E4F322902CF7397B00D35702 /* Colors.xcassets */,
				E4F322922CF73B1700D35702 /* CPColor.swift */,
				E4F322942CF73B9200D35702 /* CPFont.swift */,
			);
			path = DesignSource;
			sourceTree = "<group>";
		};
		E4F322A12CF8590F00D35702 /* Frameworks */ = {
			isa = PBXGroup;
			children = (
			);
			name = Frameworks;
			sourceTree = "<group>";
		};
		E4F322A42CF85B6900D35702 /* Feature */ = {
			isa = PBXGroup;
			children = (
				E4F322FE2CFDFBE000D35702 /* Purchase */,
				E4F322F72CFDF87C00D35702 /* Option */,
				E4F322DD2CFD7D5600D35702 /* Detail */,
				E4F322CD2CFAFC1C00D35702 /* Favorite */,
				E4F322A52CF85B7500D35702 /* Splash */,
				E4F322A62CF85B7F00D35702 /* Home */,
			);
			path = Feature;
			sourceTree = "<group>";
		};
		E4F322A52CF85B7500D35702 /* Splash */ = {
			isa = PBXGroup;
			children = (
				E4F322662CF72FE900D35702 /* LaunchScreen.storyboard */,
				E4F3229C2CF8588100D35702 /* Splash.storyboard */,
				E4F3229E2CF8588C00D35702 /* SplashViewController.swift */,
			);
			path = Splash;
			sourceTree = "<group>";
		};
		E4F322A62CF85B7F00D35702 /* Home */ = {
			isa = PBXGroup;
			children = (
				E4F322B62CF8757200D35702 /* View */,
				E4F322A82CF85DA400D35702 /* HomeViewController.swift */,
				E4F322AA2CF85DCE00D35702 /* Home.storyboard */,
				E4F322C02CF8902600D35702 /* HomeViewModel.swift */,
			);
			path = Home;
			sourceTree = "<group>";
		};
		E4F322A72CF85BAC00D35702 /* Delegates */ = {
			isa = PBXGroup;
			children = (
				E4F3225B2CF72FE700D35702 /* AppDelegate.swift */,
				E4F3225D2CF72FE700D35702 /* SceneDelegate.swift */,
			);
			path = Delegates;
			sourceTree = "<group>";
		};
		E4F322B62CF8757200D35702 /* View */ = {
			isa = PBXGroup;
			children = (
				E4F322AE2CF85F9E00D35702 /* HomeBannerCollectionViewCell.swift */,
				E4F322B42CF86AFD00D35702 /* HomeProductCollectionViewCell.swift */,
				E4F322C52CF8B33F00D35702 /* HomeCouponButtonCollectionViewCell.swift */,
				E4F322C72CF990B100D35702 /* HomeSperateLineCollectionViewCell.swift */,
				E4F322C92CF99F3F00D35702 /* HomeThemeCollectionViewCell.swift */,
				E4F322CB2CF9A2E800D35702 /* HomeThemeHeaderCollectionReusableView.swift */,
			);
			path = View;
			sourceTree = "<group>";
		};
		E4F322B72CF8787600D35702 /* Network */ = {
			isa = PBXGroup;
			children = (
				E4F322B82CF8788100D35702 /* NetworkService.swift */,
			);
			path = Network;
			sourceTree = "<group>";
		};
		E4F322BA2CF8793700D35702 /* Model */ = {
			isa = PBXGroup;
			children = (
				E4F322BB2CF8793F00D35702 /* HomeResponse.swift */,
				E4F322D42CFAFE8300D35702 /* FavoriteResponse.swift */,
				E4F322D62CFAFEC500D35702 /* ProductResponse.swift */,
				E4F322E32CFD7E7E00D35702 /* ProductDetailResponse.swift */,
			);
			path = Model;
			sourceTree = "<group>";
		};
		E4F322C22CF8AFB200D35702 /* Extension */ = {
			isa = PBXGroup;
			children = (
				E4F322C32CF8AFC400D35702 /* Numeric + Extension.swift */,
			);
			path = Extension;
			sourceTree = "<group>";
		};
		E4F322CD2CFAFC1C00D35702 /* Favorite */ = {
			isa = PBXGroup;
			children = (
				E4F322D82CFB05E700D35702 /* View */,
				E4F322CE2CFAFC2600D35702 /* Favorite.storyboard */,
				E4F322D02CFAFC3D00D35702 /* FavoriteViewController.swift */,
				E4F322D22CFAFC7100D35702 /* FavoriteViewModel.swift */,
			);
			path = Favorite;
			sourceTree = "<group>";
		};
		E4F322D82CFB05E700D35702 /* View */ = {
			isa = PBXGroup;
			children = (
				E4F322D92CFB05FD00D35702 /* PurchaseButton.swift */,
				E4F322DB2CFB06EB00D35702 /* FavoriteTableViewCell.swift */,
			);
			path = View;
			sourceTree = "<group>";
		};
		E4F322DD2CFD7D5600D35702 /* Detail */ = {
			isa = PBXGroup;
			children = (
				E4F322F52CFD9C6400D35702 /* Detail.storyboard */,
				E4F322F32CFD9AD900D35702 /* DetailViewController.swift */,
				E4F322E12CFD7D8600D35702 /* DetailViewModel.swift */,
				E4F322DE2CFD7D6000D35702 /* View */,
			);
			path = Detail;
			sourceTree = "<group>";
		};
		E4F322DE2CFD7D6000D35702 /* View */ = {
			isa = PBXGroup;
			children = (
				E4F322DF2CFD7D6A00D35702 /* DetailRootView.swift */,
				E4F322E52CFD848E00D35702 /* DetailBannerView.swift */,
				E4F322E72CFD86AA00D35702 /* DetailRateView.swift */,
				E4F322E92CFD88BC00D35702 /* DetailOptionView.swift */,
				E4F322EB2CFD89D300D35702 /* DetailPriceView.swift */,
				E4F322ED2CFD8EDD00D35702 /* DetailMoreView.swift */,
				E4F322EF2CFD90B500D35702 /* DetailPurchaseView.swift */,
			);
			path = View;
			sourceTree = "<group>";
		};
		E4F322F72CFDF87C00D35702 /* Option */ = {
			isa = PBXGroup;
			children = (
				E4F322F82CFDF89900D35702 /* OptionViewController.swift */,
				E4F322FA2CFDF8A100D35702 /* OptionViewModel.swift */,
				E4F322FC2CFDF8A800D35702 /* OptionRootView.swift */,
			);
			path = Option;
			sourceTree = "<group>";
		};
		E4F322FE2CFDFBE000D35702 /* Purchase */ = {
			isa = PBXGroup;
			children = (
				E4F322FF2CFDFBF000D35702 /* PurchaseViewController.swift */,
				E4F323012CFDFBF900D35702 /* PurchaseViewModel.swift */,
			);
			path = Purchase;
			sourceTree = "<group>";
		};
/* End PBXGroup section */

/* Begin PBXNativeTarget section */
		E4F322572CF72FE700D35702 /* CommerceApp */ = {
			isa = PBXNativeTarget;
			buildConfigurationList = E4F322822CF72FE900D35702 /* Build configuration list for PBXNativeTarget "CommerceApp" */;
			buildPhases = (
				E4F322542CF72FE700D35702 /* Sources */,
				E4F322552CF72FE700D35702 /* Frameworks */,
				E4F322562CF72FE700D35702 /* Resources */,
			);
			buildRules = (
			);
			dependencies = (
			);
			name = CommerceApp;
			packageProductDependencies = (
				E4F322A22CF8590F00D35702 /* Lottie */,
				E4F322BE2CF88E2E00D35702 /* Kingfisher */,
			);
			productName = CommerceApp;
			productReference = E4F322582CF72FE700D35702 /* CommerceApp.app */;
			productType = "com.apple.product-type.application";
		};
		E4F3226D2CF72FE900D35702 /* CommerceAppTests */ = {
			isa = PBXNativeTarget;
			buildConfigurationList = E4F322852CF72FE900D35702 /* Build configuration list for PBXNativeTarget "CommerceAppTests" */;
			buildPhases = (
				E4F3226A2CF72FE900D35702 /* Sources */,
				E4F3226B2CF72FE900D35702 /* Frameworks */,
				E4F3226C2CF72FE900D35702 /* Resources */,
			);
			buildRules = (
			);
			dependencies = (
				E4F322702CF72FE900D35702 /* PBXTargetDependency */,
			);
			name = CommerceAppTests;
			productName = CommerceAppTests;
			productReference = E4F3226E2CF72FE900D35702 /* CommerceAppTests.xctest */;
			productType = "com.apple.product-type.bundle.unit-test";
		};
		E4F322772CF72FE900D35702 /* CommerceAppUITests */ = {
			isa = PBXNativeTarget;
			buildConfigurationList = E4F322882CF72FE900D35702 /* Build configuration list for PBXNativeTarget "CommerceAppUITests" */;
			buildPhases = (
				E4F322742CF72FE900D35702 /* Sources */,
				E4F322752CF72FE900D35702 /* Frameworks */,
				E4F322762CF72FE900D35702 /* Resources */,
			);
			buildRules = (
			);
			dependencies = (
				E4F3227A2CF72FE900D35702 /* PBXTargetDependency */,
			);
			name = CommerceAppUITests;
			productName = CommerceAppUITests;
			productReference = E4F322782CF72FE900D35702 /* CommerceAppUITests.xctest */;
			productType = "com.apple.product-type.bundle.ui-testing";
		};
/* End PBXNativeTarget section */

/* Begin PBXProject section */
		E4F322502CF72FE700D35702 /* Project object */ = {
			isa = PBXProject;
			attributes = {
				BuildIndependentTargetsInParallel = 1;
				LastSwiftUpdateCheck = 1540;
				LastUpgradeCheck = 1540;
				TargetAttributes = {
					E4F322572CF72FE700D35702 = {
						CreatedOnToolsVersion = 15.4;
					};
					E4F3226D2CF72FE900D35702 = {
						CreatedOnToolsVersion = 15.4;
						TestTargetID = E4F322572CF72FE700D35702;
					};
					E4F322772CF72FE900D35702 = {
						CreatedOnToolsVersion = 15.4;
						TestTargetID = E4F322572CF72FE700D35702;
					};
				};
			};
			buildConfigurationList = E4F322532CF72FE700D35702 /* Build configuration list for PBXProject "CommerceApp" */;
			compatibilityVersion = "Xcode 14.0";
			developmentRegion = en;
			hasScannedForEncodings = 0;
			knownRegions = (
				en,
				Base,
			);
			mainGroup = E4F3224F2CF72FE700D35702;
			packageReferences = (
				E4F322A02CF858DA00D35702 /* XCRemoteSwiftPackageReference "lottie-ios" */,
				E4F322BD2CF88E2400D35702 /* XCRemoteSwiftPackageReference "Kingfisher" */,
			);
			productRefGroup = E4F322592CF72FE700D35702 /* Products */;
			projectDirPath = "";
			projectRoot = "";
			targets = (
				E4F322572CF72FE700D35702 /* CommerceApp */,
				E4F3226D2CF72FE900D35702 /* CommerceAppTests */,
				E4F322772CF72FE900D35702 /* CommerceAppUITests */,
			);
		};
/* End PBXProject section */

/* Begin PBXResourcesBuildPhase section */
		E4F322562CF72FE700D35702 /* Resources */ = {
			isa = PBXResourcesBuildPhase;
			buildActionMask = 2147483647;
			files = (
				E4F322912CF7397B00D35702 /* Colors.xcassets in Resources */,
				E4F3228D2CF736C000D35702 /* Images.xcassets in Resources */,
				E4F322CF2CFAFC2600D35702 /* Favorite.storyboard in Resources */,
				E4F322F62CFD9C6400D35702 /* Detail.storyboard in Resources */,
				E4F322AB2CF85DCE00D35702 /* Home.storyboard in Resources */,
				E4F322682CF72FE900D35702 /* Base in Resources */,
				E4F322B32CF863D400D35702 /* Assets.xcassets in Resources */,
				E4F3229D2CF8588100D35702 /* Splash.storyboard in Resources */,
			);
			runOnlyForDeploymentPostprocessing = 0;
		};
		E4F3226C2CF72FE900D35702 /* Resources */ = {
			isa = PBXResourcesBuildPhase;
			buildActionMask = 2147483647;
			files = (
			);
			runOnlyForDeploymentPostprocessing = 0;
		};
		E4F322762CF72FE900D35702 /* Resources */ = {
			isa = PBXResourcesBuildPhase;
			buildActionMask = 2147483647;
			files = (
			);
			runOnlyForDeploymentPostprocessing = 0;
		};
/* End PBXResourcesBuildPhase section */

/* Begin PBXSourcesBuildPhase section */
		E4F322542CF72FE700D35702 /* Sources */ = {
			isa = PBXSourcesBuildPhase;
			buildActionMask = 2147483647;
			files = (
				E4F322F42CFD9AD900D35702 /* DetailViewController.swift in Sources */,
				E4F322B92CF8788100D35702 /* NetworkService.swift in Sources */,
				E4F322932CF73B1700D35702 /* CPColor.swift in Sources */,
				E4F323002CFDFBF000D35702 /* PurchaseViewController.swift in Sources */,
				E4F322F92CFDF89900D35702 /* OptionViewController.swift in Sources */,
				E4F322B52CF86AFD00D35702 /* HomeProductCollectionViewCell.swift in Sources */,
				E4F322952CF73B9200D35702 /* CPFont.swift in Sources */,
				E4F322D12CFAFC3D00D35702 /* FavoriteViewController.swift in Sources */,
				E4F322FD2CFDF8A800D35702 /* OptionRootView.swift in Sources */,
				E4F322EC2CFD89D300D35702 /* DetailPriceView.swift in Sources */,
				E4F3225C2CF72FE700D35702 /* AppDelegate.swift in Sources */,
				E4F322D72CFAFEC500D35702 /* ProductResponse.swift in Sources */,
				E4F322CC2CF9A2E800D35702 /* HomeThemeHeaderCollectionReusableView.swift in Sources */,
				E4F322D32CFAFC7100D35702 /* FavoriteViewModel.swift in Sources */,
				E4F322E82CFD86AA00D35702 /* DetailRateView.swift in Sources */,
				E4F322E42CFD7E7E00D35702 /* ProductDetailResponse.swift in Sources */,
				E4F322C62CF8B33F00D35702 /* HomeCouponButtonCollectionViewCell.swift in Sources */,
				E4F322DA2CFB05FD00D35702 /* PurchaseButton.swift in Sources */,
				E4F3228F2CF7379E00D35702 /* CPImages.swift in Sources */,
				E4F3229F2CF8588C00D35702 /* SplashViewController.swift in Sources */,
				E4F322E22CFD7D8600D35702 /* DetailViewModel.swift in Sources */,
				E4F322DC2CFB06EB00D35702 /* FavoriteTableViewCell.swift in Sources */,
				E4F322EA2CFD88BC00D35702 /* DetailOptionView.swift in Sources */,
				E4F322C82CF990B100D35702 /* HomeSperateLineCollectionViewCell.swift in Sources */,
				E4F322E62CFD848E00D35702 /* DetailBannerView.swift in Sources */,
				E4F322C12CF8902600D35702 /* HomeViewModel.swift in Sources */,
				E4F322A92CF85DA400D35702 /* HomeViewController.swift in Sources */,
				E4F322E02CFD7D6A00D35702 /* DetailRootView.swift in Sources */,
				E4F322C42CF8AFC400D35702 /* Numeric + Extension.swift in Sources */,
				E4F323022CFDFBF900D35702 /* PurchaseViewModel.swift in Sources */,
				E4F322EE2CFD8EDD00D35702 /* DetailMoreView.swift in Sources */,
				E4F3225E2CF72FE700D35702 /* SceneDelegate.swift in Sources */,
				E4F322D52CFAFE8300D35702 /* FavoriteResponse.swift in Sources */,
				E4F322F02CFD90B500D35702 /* DetailPurchaseView.swift in Sources */,
				E4F322FB2CFDF8A100D35702 /* OptionViewModel.swift in Sources */,
				E4F322CA2CF99F3F00D35702 /* HomeThemeCollectionViewCell.swift in Sources */,
				E4F322AF2CF85F9E00D35702 /* HomeBannerCollectionViewCell.swift in Sources */,
				E4F322BC2CF8793F00D35702 /* HomeResponse.swift in Sources */,
			);
			runOnlyForDeploymentPostprocessing = 0;
		};
		E4F3226A2CF72FE900D35702 /* Sources */ = {
			isa = PBXSourcesBuildPhase;
			buildActionMask = 2147483647;
			files = (
				E4F322732CF72FE900D35702 /* CommerceAppTests.swift in Sources */,
			);
			runOnlyForDeploymentPostprocessing = 0;
		};
		E4F322742CF72FE900D35702 /* Sources */ = {
			isa = PBXSourcesBuildPhase;
			buildActionMask = 2147483647;
			files = (
				E4F3227D2CF72FE900D35702 /* CommerceAppUITests.swift in Sources */,
				E4F3227F2CF72FE900D35702 /* CommerceAppUITestsLaunchTests.swift in Sources */,
			);
			runOnlyForDeploymentPostprocessing = 0;
		};
/* End PBXSourcesBuildPhase section */

/* Begin PBXTargetDependency section */
		E4F322702CF72FE900D35702 /* PBXTargetDependency */ = {
			isa = PBXTargetDependency;
			target = E4F322572CF72FE700D35702 /* CommerceApp */;
			targetProxy = E4F3226F2CF72FE900D35702 /* PBXContainerItemProxy */;
		};
		E4F3227A2CF72FE900D35702 /* PBXTargetDependency */ = {
			isa = PBXTargetDependency;
			target = E4F322572CF72FE700D35702 /* CommerceApp */;
			targetProxy = E4F322792CF72FE900D35702 /* PBXContainerItemProxy */;
		};
/* End PBXTargetDependency section */

/* Begin PBXVariantGroup section */
		E4F322662CF72FE900D35702 /* LaunchScreen.storyboard */ = {
			isa = PBXVariantGroup;
			children = (
				E4F322672CF72FE900D35702 /* Base */,
			);
			name = LaunchScreen.storyboard;
			sourceTree = "<group>";
		};
/* End PBXVariantGroup section */

/* Begin XCBuildConfiguration section */
		E4F322802CF72FE900D35702 /* Debug */ = {
			isa = XCBuildConfiguration;
			buildSettings = {
				ALWAYS_SEARCH_USER_PATHS = NO;
				ASSETCATALOG_COMPILER_GENERATE_SWIFT_ASSET_SYMBOL_EXTENSIONS = YES;
				CLANG_ANALYZER_NONNULL = YES;
				CLANG_ANALYZER_NUMBER_OBJECT_CONVERSION = YES_AGGRESSIVE;
				CLANG_CXX_LANGUAGE_STANDARD = "gnu++20";
				CLANG_ENABLE_MODULES = YES;
				CLANG_ENABLE_OBJC_ARC = YES;
				CLANG_ENABLE_OBJC_WEAK = YES;
				CLANG_WARN_BLOCK_CAPTURE_AUTORELEASING = YES;
				CLANG_WARN_BOOL_CONVERSION = YES;
				CLANG_WARN_COMMA = YES;
				CLANG_WARN_CONSTANT_CONVERSION = YES;
				CLANG_WARN_DEPRECATED_OBJC_IMPLEMENTATIONS = YES;
				CLANG_WARN_DIRECT_OBJC_ISA_USAGE = YES_ERROR;
				CLANG_WARN_DOCUMENTATION_COMMENTS = YES;
				CLANG_WARN_EMPTY_BODY = YES;
				CLANG_WARN_ENUM_CONVERSION = YES;
				CLANG_WARN_INFINITE_RECURSION = YES;
				CLANG_WARN_INT_CONVERSION = YES;
				CLANG_WARN_NON_LITERAL_NULL_CONVERSION = YES;
				CLANG_WARN_OBJC_IMPLICIT_RETAIN_SELF = YES;
				CLANG_WARN_OBJC_LITERAL_CONVERSION = YES;
				CLANG_WARN_OBJC_ROOT_CLASS = YES_ERROR;
				CLANG_WARN_QUOTED_INCLUDE_IN_FRAMEWORK_HEADER = YES;
				CLANG_WARN_RANGE_LOOP_ANALYSIS = YES;
				CLANG_WARN_STRICT_PROTOTYPES = YES;
				CLANG_WARN_SUSPICIOUS_MOVE = YES;
				CLANG_WARN_UNGUARDED_AVAILABILITY = YES_AGGRESSIVE;
				CLANG_WARN_UNREACHABLE_CODE = YES;
				CLANG_WARN__DUPLICATE_METHOD_MATCH = YES;
				COPY_PHASE_STRIP = NO;
				DEBUG_INFORMATION_FORMAT = dwarf;
				ENABLE_STRICT_OBJC_MSGSEND = YES;
				ENABLE_TESTABILITY = YES;
				ENABLE_USER_SCRIPT_SANDBOXING = YES;
				GCC_C_LANGUAGE_STANDARD = gnu17;
				GCC_DYNAMIC_NO_PIC = NO;
				GCC_NO_COMMON_BLOCKS = YES;
				GCC_OPTIMIZATION_LEVEL = 0;
				GCC_PREPROCESSOR_DEFINITIONS = (
					"DEBUG=1",
					"$(inherited)",
				);
				GCC_WARN_64_TO_32_BIT_CONVERSION = YES;
				GCC_WARN_ABOUT_RETURN_TYPE = YES_ERROR;
				GCC_WARN_UNDECLARED_SELECTOR = YES;
				GCC_WARN_UNINITIALIZED_AUTOS = YES_AGGRESSIVE;
				GCC_WARN_UNUSED_FUNCTION = YES;
				GCC_WARN_UNUSED_VARIABLE = YES;
				IPHONEOS_DEPLOYMENT_TARGET = 17.5;
				LOCALIZATION_PREFERS_STRING_CATALOGS = YES;
				MTL_ENABLE_DEBUG_INFO = INCLUDE_SOURCE;
				MTL_FAST_MATH = YES;
				ONLY_ACTIVE_ARCH = YES;
				SDKROOT = iphoneos;
				SWIFT_ACTIVE_COMPILATION_CONDITIONS = "DEBUG $(inherited)";
				SWIFT_OPTIMIZATION_LEVEL = "-Onone";
			};
			name = Debug;
		};
		E4F322812CF72FE900D35702 /* Release */ = {
			isa = XCBuildConfiguration;
			buildSettings = {
				ALWAYS_SEARCH_USER_PATHS = NO;
				ASSETCATALOG_COMPILER_GENERATE_SWIFT_ASSET_SYMBOL_EXTENSIONS = YES;
				CLANG_ANALYZER_NONNULL = YES;
				CLANG_ANALYZER_NUMBER_OBJECT_CONVERSION = YES_AGGRESSIVE;
				CLANG_CXX_LANGUAGE_STANDARD = "gnu++20";
				CLANG_ENABLE_MODULES = YES;
				CLANG_ENABLE_OBJC_ARC = YES;
				CLANG_ENABLE_OBJC_WEAK = YES;
				CLANG_WARN_BLOCK_CAPTURE_AUTORELEASING = YES;
				CLANG_WARN_BOOL_CONVERSION = YES;
				CLANG_WARN_COMMA = YES;
				CLANG_WARN_CONSTANT_CONVERSION = YES;
				CLANG_WARN_DEPRECATED_OBJC_IMPLEMENTATIONS = YES;
				CLANG_WARN_DIRECT_OBJC_ISA_USAGE = YES_ERROR;
				CLANG_WARN_DOCUMENTATION_COMMENTS = YES;
				CLANG_WARN_EMPTY_BODY = YES;
				CLANG_WARN_ENUM_CONVERSION = YES;
				CLANG_WARN_INFINITE_RECURSION = YES;
				CLANG_WARN_INT_CONVERSION = YES;
				CLANG_WARN_NON_LITERAL_NULL_CONVERSION = YES;
				CLANG_WARN_OBJC_IMPLICIT_RETAIN_SELF = YES;
				CLANG_WARN_OBJC_LITERAL_CONVERSION = YES;
				CLANG_WARN_OBJC_ROOT_CLASS = YES_ERROR;
				CLANG_WARN_QUOTED_INCLUDE_IN_FRAMEWORK_HEADER = YES;
				CLANG_WARN_RANGE_LOOP_ANALYSIS = YES;
				CLANG_WARN_STRICT_PROTOTYPES = YES;
				CLANG_WARN_SUSPICIOUS_MOVE = YES;
				CLANG_WARN_UNGUARDED_AVAILABILITY = YES_AGGRESSIVE;
				CLANG_WARN_UNREACHABLE_CODE = YES;
				CLANG_WARN__DUPLICATE_METHOD_MATCH = YES;
				COPY_PHASE_STRIP = NO;
				DEBUG_INFORMATION_FORMAT = "dwarf-with-dsym";
				ENABLE_NS_ASSERTIONS = NO;
				ENABLE_STRICT_OBJC_MSGSEND = YES;
				ENABLE_USER_SCRIPT_SANDBOXING = YES;
				GCC_C_LANGUAGE_STANDARD = gnu17;
				GCC_NO_COMMON_BLOCKS = YES;
				GCC_WARN_64_TO_32_BIT_CONVERSION = YES;
				GCC_WARN_ABOUT_RETURN_TYPE = YES_ERROR;
				GCC_WARN_UNDECLARED_SELECTOR = YES;
				GCC_WARN_UNINITIALIZED_AUTOS = YES_AGGRESSIVE;
				GCC_WARN_UNUSED_FUNCTION = YES;
				GCC_WARN_UNUSED_VARIABLE = YES;
				IPHONEOS_DEPLOYMENT_TARGET = 17.5;
				LOCALIZATION_PREFERS_STRING_CATALOGS = YES;
				MTL_ENABLE_DEBUG_INFO = NO;
				MTL_FAST_MATH = YES;
				SDKROOT = iphoneos;
				SWIFT_COMPILATION_MODE = wholemodule;
				VALIDATE_PRODUCT = YES;
			};
			name = Release;
		};
		E4F322832CF72FE900D35702 /* Debug */ = {
			isa = XCBuildConfiguration;
			buildSettings = {
				ASSETCATALOG_COMPILER_APPICON_NAME = AppIcon;
				ASSETCATALOG_COMPILER_GLOBAL_ACCENT_COLOR_NAME = AccentColor;
				CODE_SIGN_STYLE = Automatic;
				CURRENT_PROJECT_VERSION = 1;
				DEVELOPMENT_TEAM = Q653PU93R6;
				GENERATE_INFOPLIST_FILE = YES;
				INFOPLIST_FILE = CommerceApp/Info.plist;
				INFOPLIST_KEY_UIApplicationSupportsIndirectInputEvents = YES;
				INFOPLIST_KEY_UILaunchStoryboardName = Splash.storyboard;
				INFOPLIST_KEY_UIMainStoryboardFile = Splash;
				INFOPLIST_KEY_UISupportedInterfaceOrientations = UIInterfaceOrientationPortrait;
				INFOPLIST_KEY_UISupportedInterfaceOrientations_iPad = "UIInterfaceOrientationLandscapeLeft UIInterfaceOrientationLandscapeRight UIInterfaceOrientationPortrait UIInterfaceOrientationPortraitUpsideDown";
				LD_RUNPATH_SEARCH_PATHS = (
					"$(inherited)",
					"@executable_path/Frameworks",
				);
				MARKETING_VERSION = 1.0;
				PRODUCT_BUNDLE_IDENTIFIER = WEDLE.CommerceApp;
				PRODUCT_NAME = "$(TARGET_NAME)";
				SWIFT_EMIT_LOC_STRINGS = YES;
				SWIFT_VERSION = 5.0;
				TARGETED_DEVICE_FAMILY = "1,2";
			};
			name = Debug;
		};
		E4F322842CF72FE900D35702 /* Release */ = {
			isa = XCBuildConfiguration;
			buildSettings = {
				ASSETCATALOG_COMPILER_APPICON_NAME = AppIcon;
				ASSETCATALOG_COMPILER_GLOBAL_ACCENT_COLOR_NAME = AccentColor;
				CODE_SIGN_STYLE = Automatic;
				CURRENT_PROJECT_VERSION = 1;
				DEVELOPMENT_TEAM = Q653PU93R6;
				GENERATE_INFOPLIST_FILE = YES;
				INFOPLIST_FILE = CommerceApp/Info.plist;
				INFOPLIST_KEY_UIApplicationSupportsIndirectInputEvents = YES;
				INFOPLIST_KEY_UILaunchStoryboardName = Splash.storyboard;
				INFOPLIST_KEY_UIMainStoryboardFile = Splash;
				INFOPLIST_KEY_UISupportedInterfaceOrientations = UIInterfaceOrientationPortrait;
				INFOPLIST_KEY_UISupportedInterfaceOrientations_iPad = "UIInterfaceOrientationLandscapeLeft UIInterfaceOrientationLandscapeRight UIInterfaceOrientationPortrait UIInterfaceOrientationPortraitUpsideDown";
				LD_RUNPATH_SEARCH_PATHS = (
					"$(inherited)",
					"@executable_path/Frameworks",
				);
				MARKETING_VERSION = 1.0;
				PRODUCT_BUNDLE_IDENTIFIER = WEDLE.CommerceApp;
				PRODUCT_NAME = "$(TARGET_NAME)";
				SWIFT_EMIT_LOC_STRINGS = YES;
				SWIFT_VERSION = 5.0;
				TARGETED_DEVICE_FAMILY = "1,2";
			};
			name = Release;
		};
		E4F322862CF72FE900D35702 /* Debug */ = {
			isa = XCBuildConfiguration;
			buildSettings = {
				ALWAYS_EMBED_SWIFT_STANDARD_LIBRARIES = YES;
				BUNDLE_LOADER = "$(TEST_HOST)";
				CODE_SIGN_STYLE = Automatic;
				CURRENT_PROJECT_VERSION = 1;
				DEVELOPMENT_TEAM = Q653PU93R6;
				GENERATE_INFOPLIST_FILE = YES;
				IPHONEOS_DEPLOYMENT_TARGET = 17.5;
				MARKETING_VERSION = 1.0;
				PRODUCT_BUNDLE_IDENTIFIER = WEDLE.CommerceAppTests;
				PRODUCT_NAME = "$(TARGET_NAME)";
				SWIFT_EMIT_LOC_STRINGS = NO;
				SWIFT_VERSION = 5.0;
				TARGETED_DEVICE_FAMILY = "1,2";
				TEST_HOST = "$(BUILT_PRODUCTS_DIR)/CommerceApp.app/$(BUNDLE_EXECUTABLE_FOLDER_PATH)/CommerceApp";
			};
			name = Debug;
		};
		E4F322872CF72FE900D35702 /* Release */ = {
			isa = XCBuildConfiguration;
			buildSettings = {
				ALWAYS_EMBED_SWIFT_STANDARD_LIBRARIES = YES;
				BUNDLE_LOADER = "$(TEST_HOST)";
				CODE_SIGN_STYLE = Automatic;
				CURRENT_PROJECT_VERSION = 1;
				DEVELOPMENT_TEAM = Q653PU93R6;
				GENERATE_INFOPLIST_FILE = YES;
				IPHONEOS_DEPLOYMENT_TARGET = 17.5;
				MARKETING_VERSION = 1.0;
				PRODUCT_BUNDLE_IDENTIFIER = WEDLE.CommerceAppTests;
				PRODUCT_NAME = "$(TARGET_NAME)";
				SWIFT_EMIT_LOC_STRINGS = NO;
				SWIFT_VERSION = 5.0;
				TARGETED_DEVICE_FAMILY = "1,2";
				TEST_HOST = "$(BUILT_PRODUCTS_DIR)/CommerceApp.app/$(BUNDLE_EXECUTABLE_FOLDER_PATH)/CommerceApp";
			};
			name = Release;
		};
		E4F322892CF72FE900D35702 /* Debug */ = {
			isa = XCBuildConfiguration;
			buildSettings = {
				ALWAYS_EMBED_SWIFT_STANDARD_LIBRARIES = YES;
				CODE_SIGN_STYLE = Automatic;
				CURRENT_PROJECT_VERSION = 1;
				DEVELOPMENT_TEAM = Q653PU93R6;
				GENERATE_INFOPLIST_FILE = YES;
				MARKETING_VERSION = 1.0;
				PRODUCT_BUNDLE_IDENTIFIER = WEDLE.CommerceAppUITests;
				PRODUCT_NAME = "$(TARGET_NAME)";
				SWIFT_EMIT_LOC_STRINGS = NO;
				SWIFT_VERSION = 5.0;
				TARGETED_DEVICE_FAMILY = "1,2";
				TEST_TARGET_NAME = CommerceApp;
			};
			name = Debug;
		};
		E4F3228A2CF72FE900D35702 /* Release */ = {
			isa = XCBuildConfiguration;
			buildSettings = {
				ALWAYS_EMBED_SWIFT_STANDARD_LIBRARIES = YES;
				CODE_SIGN_STYLE = Automatic;
				CURRENT_PROJECT_VERSION = 1;
				DEVELOPMENT_TEAM = Q653PU93R6;
				GENERATE_INFOPLIST_FILE = YES;
				MARKETING_VERSION = 1.0;
				PRODUCT_BUNDLE_IDENTIFIER = WEDLE.CommerceAppUITests;
				PRODUCT_NAME = "$(TARGET_NAME)";
				SWIFT_EMIT_LOC_STRINGS = NO;
				SWIFT_VERSION = 5.0;
				TARGETED_DEVICE_FAMILY = "1,2";
				TEST_TARGET_NAME = CommerceApp;
			};
			name = Release;
		};
/* End XCBuildConfiguration section */

/* Begin XCConfigurationList section */
		E4F322532CF72FE700D35702 /* Build configuration list for PBXProject "CommerceApp" */ = {
			isa = XCConfigurationList;
			buildConfigurations = (
				E4F322802CF72FE900D35702 /* Debug */,
				E4F322812CF72FE900D35702 /* Release */,
			);
			defaultConfigurationIsVisible = 0;
			defaultConfigurationName = Release;
		};
		E4F322822CF72FE900D35702 /* Build configuration list for PBXNativeTarget "CommerceApp" */ = {
			isa = XCConfigurationList;
			buildConfigurations = (
				E4F322832CF72FE900D35702 /* Debug */,
				E4F322842CF72FE900D35702 /* Release */,
			);
			defaultConfigurationIsVisible = 0;
			defaultConfigurationName = Release;
		};
		E4F322852CF72FE900D35702 /* Build configuration list for PBXNativeTarget "CommerceAppTests" */ = {
			isa = XCConfigurationList;
			buildConfigurations = (
				E4F322862CF72FE900D35702 /* Debug */,
				E4F322872CF72FE900D35702 /* Release */,
			);
			defaultConfigurationIsVisible = 0;
			defaultConfigurationName = Release;
		};
		E4F322882CF72FE900D35702 /* Build configuration list for PBXNativeTarget "CommerceAppUITests" */ = {
			isa = XCConfigurationList;
			buildConfigurations = (
				E4F322892CF72FE900D35702 /* Debug */,
				E4F3228A2CF72FE900D35702 /* Release */,
			);
			defaultConfigurationIsVisible = 0;
			defaultConfigurationName = Release;
		};
/* End XCConfigurationList section */

/* Begin XCRemoteSwiftPackageReference section */
		E4F322A02CF858DA00D35702 /* XCRemoteSwiftPackageReference "lottie-ios" */ = {
			isa = XCRemoteSwiftPackageReference;
			repositoryURL = "https://github.com/airbnb/lottie-ios.git";
			requirement = {
				kind = upToNextMajorVersion;
				minimumVersion = 4.5.0;
			};
		};
		E4F322BD2CF88E2400D35702 /* XCRemoteSwiftPackageReference "Kingfisher" */ = {
			isa = XCRemoteSwiftPackageReference;
			repositoryURL = "https://github.com/onevcat/Kingfisher.git";
			requirement = {
				kind = upToNextMajorVersion;
				minimumVersion = 8.1.1;
			};
		};
/* End XCRemoteSwiftPackageReference section */

/* Begin XCSwiftPackageProductDependency section */
		E4F322A22CF8590F00D35702 /* Lottie */ = {
			isa = XCSwiftPackageProductDependency;
			package = E4F322A02CF858DA00D35702 /* XCRemoteSwiftPackageReference "lottie-ios" */;
			productName = Lottie;
		};
		E4F322BE2CF88E2E00D35702 /* Kingfisher */ = {
			isa = XCSwiftPackageProductDependency;
			package = E4F322BD2CF88E2400D35702 /* XCRemoteSwiftPackageReference "Kingfisher" */;
			productName = Kingfisher;
		};
/* End XCSwiftPackageProductDependency section */
	};
	rootObject = E4F322502CF72FE700D35702 /* Project object */;
}
